
Microsoft Visual Studio Solution File, Format Version 12.00
# Visual Studio Version 17
VisualStudioVersion = 17.6.33815.320
MinimumVisualStudioVersion = 10.0.40219.1
Project("{FAE04EC0-301F-11D3-BF4B-00C04F79EFBC}") = "ActiveDataObject", "ActiveDataObject\ActiveDataObject.csproj", "{A9DD4AED-4D63-4359-A9DD-AFC72F18EB4E}"
EndProject
Global
	GlobalSection(SolutionConfigurationPlatforms) = preSolution
		Debug|Any CPU = Debug|Any CPU
		Release|Any CPU = Release|Any CPU
	EndGlobalSection
	GlobalSection(ProjectConfigurationPlatforms) = postSolution
		{A9DD4AED-4D63-4359-A9DD-AFC72F18EB4E}.Debug|Any CPU.ActiveCfg = Debug|Any CPU
		{A9DD4AED-4D63-4359-A9DD-AFC72F18EB4E}.Debug|Any CPU.Build.0 = Debug|Any CPU
		{A9DD4AED-4D63-4359-A9DD-AFC72F18EB4E}.Release|Any CPU.ActiveCfg = Release|Any CPU
		{A9DD4AED-4D63-4359-A9DD-AFC72F18EB4E}.Release|Any CPU.Build.0 = Release|Any CPU
	EndGlobalSection
	GlobalSection(SolutionProperties) = preSolution
		HideSolutionNode = FALSE
	EndGlobalSection
	GlobalSection(ExtensibilityGlobals) = postSolution
		SolutionGuid = {EB1CE486-62AB-4503-B603-EF1968E1ABD0}
	EndGlobalSection
EndGlobal
